
Microsoft Visual Studio Solution File, Format Version 12.00
# Visual Studio Version 16
VisualStudioVersion = 16.0.28803.156
MinimumVisualStudioVersion = 10.0.40219.1
Project("{FAE04EC0-301F-11D3-BF4B-00C04F79EFBC}") = "TransformToPrime", "TransformToPrime\TransformToPrime.csproj", "{DEACEE7C-9A71-4899-B8CD-012EAE15AF4F}"
EndProject
Project("{FAE04EC0-301F-11D3-BF4B-00C04F79EFBC}") = "Tests", "Tests\Tests.csproj", "{579FFA5B-401B-444A-9CF6-8ADB64B28FFD}"
EndProject
Global
	GlobalSection(SolutionConfigurationPlatforms) = preSolution
		Debug|Any CPU = Debug|Any CPU
		Release|Any CPU = Release|Any CPU
	EndGlobalSection
	GlobalSection(ProjectConfigurationPlatforms) = postSolution
		{DEACEE7C-9A71-4899-B8CD-012EAE15AF4F}.Debug|Any CPU.ActiveCfg = Debug|Any CPU
		{DEACEE7C-9A71-4899-B8CD-012EAE15AF4F}.Debug|Any CPU.Build.0 = Debug|Any CPU
		{DEACEE7C-9A71-4899-B8CD-012EAE15AF4F}.Release|Any CPU.ActiveCfg = Release|Any CPU
		{DEACEE7C-9A71-4899-B8CD-012EAE15AF4F}.Release|Any CPU.Build.0 = Release|Any CPU
		{579FFA5B-401B-444A-9CF6-8ADB64B28FFD}.Debug|Any CPU.ActiveCfg = Debug|Any CPU
		{579FFA5B-401B-444A-9CF6-8ADB64B28FFD}.Debug|Any CPU.Build.0 = Debug|Any CPU
		{579FFA5B-401B-444A-9CF6-8ADB64B28FFD}.Release|Any CPU.ActiveCfg = Release|Any CPU
		{579FFA5B-401B-444A-9CF6-8ADB64B28FFD}.Release|Any CPU.Build.0 = Release|Any CPU
	EndGlobalSection
	GlobalSection(SolutionProperties) = preSolution
		HideSolutionNode = FALSE
	EndGlobalSection
	GlobalSection(ExtensibilityGlobals) = postSolution
		SolutionGuid = {202394D0-9D49-4247-8092-E23B7B43CAEE}
	EndGlobalSection
EndGlobal
